
Microsoft Visual Studio Solution File, Format Version 11.00
# Visual Studio 2010
Project("{FAE04EC0-301F-11D3-BF4B-00C04F79EFBC}") = "DynamicTreeView", "DynamicTreeView\DynamicTreeView.csproj", "{4E6CCD3E-F95B-4EED-99C3-5E902DA025AA}"
EndProject
Project("{FAE04EC0-301F-11D3-BF4B-00C04F79EFBC}") = "DynamicTreeViewExample", "DynamicTreeViewExample\DynamicTreeViewExample.csproj", "{5A5F48A1-FD94-4F00-A861-4315539B79A3}"
EndProject
Global
	GlobalSection(SolutionConfigurationPlatforms) = preSolution
		Debug|Any CPU = Debug|Any CPU
		Debug|Mixed Platforms = Debug|Mixed Platforms
		Debug|x86 = Debug|x86
		Release|Any CPU = Release|Any CPU
		Release|Mixed Platforms = Release|Mixed Platforms
		Release|x86 = Release|x86
	EndGlobalSection
	GlobalSection(ProjectConfigurationPlatforms) = postSolution
		{4E6CCD3E-F95B-4EED-99C3-5E902DA025AA}.Debug|Any CPU.ActiveCfg = Debug|Any CPU
		{4E6CCD3E-F95B-4EED-99C3-5E902DA025AA}.Debug|Any CPU.Build.0 = Debug|Any CPU
		{4E6CCD3E-F95B-4EED-99C3-5E902DA025AA}.Debug|Mixed Platforms.ActiveCfg = Debug|Any CPU
		{4E6CCD3E-F95B-4EED-99C3-5E902DA025AA}.Debug|Mixed Platforms.Build.0 = Debug|Any CPU
		{4E6CCD3E-F95B-4EED-99C3-5E902DA025AA}.Debug|x86.ActiveCfg = Debug|Any CPU
		{4E6CCD3E-F95B-4EED-99C3-5E902DA025AA}.Release|Any CPU.ActiveCfg = Release|Any CPU
		{4E6CCD3E-F95B-4EED-99C3-5E902DA025AA}.Release|Any CPU.Build.0 = Release|Any CPU
		{4E6CCD3E-F95B-4EED-99C3-5E902DA025AA}.Release|Mixed Platforms.ActiveCfg = Release|Any CPU
		{4E6CCD3E-F95B-4EED-99C3-5E902DA025AA}.Release|Mixed Platforms.Build.0 = Release|Any CPU
		{4E6CCD3E-F95B-4EED-99C3-5E902DA025AA}.Release|x86.ActiveCfg = Release|Any CPU
		{5A5F48A1-FD94-4F00-A861-4315539B79A3}.Debug|Any CPU.ActiveCfg = Debug|x86
		{5A5F48A1-FD94-4F00-A861-4315539B79A3}.Debug|Mixed Platforms.ActiveCfg = Debug|x86
		{5A5F48A1-FD94-4F00-A861-4315539B79A3}.Debug|Mixed Platforms.Build.0 = Debug|x86
		{5A5F48A1-FD94-4F00-A861-4315539B79A3}.Debug|x86.ActiveCfg = Debug|x86
		{5A5F48A1-FD94-4F00-A861-4315539B79A3}.Debug|x86.Build.0 = Debug|x86
		{5A5F48A1-FD94-4F00-A861-4315539B79A3}.Release|Any CPU.ActiveCfg = Release|x86
		{5A5F48A1-FD94-4F00-A861-4315539B79A3}.Release|Mixed Platforms.ActiveCfg = Release|x86
		{5A5F48A1-FD94-4F00-A861-4315539B79A3}.Release|Mixed Platforms.Build.0 = Release|x86
		{5A5F48A1-FD94-4F00-A861-4315539B79A3}.Release|x86.ActiveCfg = Release|x86
		{5A5F48A1-FD94-4F00-A861-4315539B79A3}.Release|x86.Build.0 = Release|x86
	EndGlobalSection
	GlobalSection(SolutionProperties) = preSolution
		HideSolutionNode = FALSE
	EndGlobalSection
EndGlobal
